
Microsoft Visual Studio Solution File, Format Version 12.00
# Visual Studio Version 17
VisualStudioVersion = 17.14.36429.23 d17.14
MinimumVisualStudioVersion = 10.0.40219.1
Project("{FAE04EC0-301F-11D3-BF4B-00C04F79EFBC}") = "Ex3", "Ex3\Ex3.csproj", "{7D9BEB60-A06A-466D-AFC9-DE4C023EA416}"
EndProject
Global
	GlobalSection(SolutionConfigurationPlatforms) = preSolution
		Debug|Any CPU = Debug|Any CPU
		Release|Any CPU = Release|Any CPU
	EndGlobalSection
	GlobalSection(ProjectConfigurationPlatforms) = postSolution
		{7D9BEB60-A06A-466D-AFC9-DE4C023EA416}.Debug|Any CPU.ActiveCfg = Debug|Any CPU
		{7D9BEB60-A06A-466D-AFC9-DE4C023EA416}.Debug|Any CPU.Build.0 = Debug|Any CPU
		{7D9BEB60-A06A-466D-AFC9-DE4C023EA416}.Release|Any CPU.ActiveCfg = Release|Any CPU
		{7D9BEB60-A06A-466D-AFC9-DE4C023EA416}.Release|Any CPU.Build.0 = Release|Any CPU
	EndGlobalSection
	GlobalSection(SolutionProperties) = preSolution
		HideSolutionNode = FALSE
	EndGlobalSection
	GlobalSection(ExtensibilityGlobals) = postSolution
		SolutionGuid = {5235CBA2-45EC-4A3A-8FA5-1EB9DD672BCD}
	EndGlobalSection
EndGlobal
